
Microsoft Visual Studio Solution File, Format Version 12.00
# Visual Studio Version 16
VisualStudioVersion = 16.0.30413.136
MinimumVisualStudioVersion = 10.0.40219.1
Project("{FAE04EC0-301F-11D3-BF4B-00C04F79EFBC}") = "ch03-demo1", "ch03-demo1\ch03-demo1.csproj", "{7043EC49-836D-46B0-9F99-0D4FDEF15496}"
EndProject
Project("{FAE04EC0-301F-11D3-BF4B-00C04F79EFBC}") = "ch03-demo2", "ch03-demo2\ch03-demo2.csproj", "{46636B01-0E00-47D0-8735-E0A70B4890F7}"
EndProject
Global
	GlobalSection(SolutionConfigurationPlatforms) = preSolution
		Debug|Any CPU = Debug|Any CPU
		Release|Any CPU = Release|Any CPU
	EndGlobalSection
	GlobalSection(ProjectConfigurationPlatforms) = postSolution
		{7043EC49-836D-46B0-9F99-0D4FDEF15496}.Debug|Any CPU.ActiveCfg = Debug|Any CPU
		{7043EC49-836D-46B0-9F99-0D4FDEF15496}.Debug|Any CPU.Build.0 = Debug|Any CPU
		{7043EC49-836D-46B0-9F99-0D4FDEF15496}.Release|Any CPU.ActiveCfg = Release|Any CPU
		{7043EC49-836D-46B0-9F99-0D4FDEF15496}.Release|Any CPU.Build.0 = Release|Any CPU
		{46636B01-0E00-47D0-8735-E0A70B4890F7}.Debug|Any CPU.ActiveCfg = Debug|Any CPU
		{46636B01-0E00-47D0-8735-E0A70B4890F7}.Debug|Any CPU.Build.0 = Debug|Any CPU
		{46636B01-0E00-47D0-8735-E0A70B4890F7}.Release|Any CPU.ActiveCfg = Release|Any CPU
		{46636B01-0E00-47D0-8735-E0A70B4890F7}.Release|Any CPU.Build.0 = Release|Any CPU
	EndGlobalSection
	GlobalSection(SolutionProperties) = preSolution
		HideSolutionNode = FALSE
	EndGlobalSection
	GlobalSection(ExtensibilityGlobals) = postSolution
		SolutionGuid = {F89CF299-A1E0-42B8-8759-817012748E52}
	EndGlobalSection
EndGlobal
